{
    "_readme": [
        "This file locks the dependencies of your project to a known state",
        "Read more about it at https://getcomposer.org/doc/01-basic-usage.md#installing-dependencies",
        "This file is @generated automatically"
    ],
    "content-hash": "7ae1b17e530d048bbcbc78b4f610c0fe",
    "packages": [
        {
            "name": "alexistm/simple-json-php",
            "version": "5.0.0",
            "source": {
                "type": "git",
                "url": "https://github.com/AlexisTM/Simple-Json-PHP.git",
                "reference": "d4c6fac82052478b1f05c39536c5e1963315b3f6"
            },
            "dist": {
                "type": "zip",
                "url": "https://api.github.com/repos/AlexisTM/Simple-Json-PHP/zipball/d4c6fac82052478b1f05c39536c5e1963315b3f6",
                "reference": "d4c6fac82052478b1f05c39536c5e1963315b3f6",
                "shasum": ""
            },
            "require": {
                "php": ">=5.3.0"
            },
            "type": "library",
            "autoload": {
                "psr-0": {
                    "\\Simple": "includes/json.php"
                }
            },
            "notification-url": "https://packagist.org/downloads/",
            "include-path": [
                "/includes"
            ],
            "license": [
                "MIT"
            ],
            "authors": [
                {
                    "name": "Alexis Paques",
                    "email": "alexis.paques@gmail.com"
                }
            ],
            "description": "Simple JSON for PHP makes you able to construct JSON and send the headers easily. The main purposes are speed and ease to use.",
            "time": "2018-04-04T06:57:39+00:00"
        }
    ],
    "packages-dev": [],
    "aliases": [],
    "minimum-stability": "stable",
    "stability-flags": [],
    "prefer-stable": false,
    "prefer-lowest": false,
    "platform": [],
    "platform-dev": []
}
